
Microsoft Visual Studio Solution File, Format Version 12.00
# Visual Studio 14
VisualStudioVersion = 14.0.25420.1
MinimumVisualStudioVersion = 10.0.40219.1
Project("{FAE04EC0-301F-11D3-BF4B-00C04F79EFBC}") = "ManateeConsole", "ManateeConsole\ManateeConsole.csproj", "{DE2943E1-2AEC-465C-B54C-285465BDEA24}"
	ProjectSection(ProjectDependencies) = postProject
		{A1CE3B49-C5E2-4A6F-AAD5-3F46474EAA5D} = {A1CE3B49-C5E2-4A6F-AAD5-3F46474EAA5D}
		{0AEBECDC-3119-4AE9-AB30-A87ED9BBAD13} = {0AEBECDC-3119-4AE9-AB30-A87ED9BBAD13}
	EndProjectSection
EndProject
Project("{8BC9CEB8-8B4A-11D0-8D11-00A0C91BC942}") = "VinetV1", "VinetCVv1\VinetCVv1.vcxproj", "{0AEBECDC-3119-4AE9-AB30-A87ED9BBAD13}"
EndProject
Project("{8BC9CEB8-8B4A-11D0-8D11-00A0C91BC942}") = "LfgCapture", "LfgCapture\LfgCapture.vcxproj", "{A1CE3B49-C5E2-4A6F-AAD5-3F46474EAA5D}"
EndProject
Global
	GlobalSection(SolutionConfigurationPlatforms) = preSolution
		Debug|x64 = Debug|x64
		Debug|x86 = Debug|x86
		Release|x64 = Release|x64
		Release|x86 = Release|x86
	EndGlobalSection
	GlobalSection(ProjectConfigurationPlatforms) = postSolution
		{DE2943E1-2AEC-465C-B54C-285465BDEA24}.Debug|x64.ActiveCfg = Debug|x64
		{DE2943E1-2AEC-465C-B54C-285465BDEA24}.Debug|x64.Build.0 = Debug|x64
		{DE2943E1-2AEC-465C-B54C-285465BDEA24}.Debug|x86.ActiveCfg = Debug|x86
		{DE2943E1-2AEC-465C-B54C-285465BDEA24}.Debug|x86.Build.0 = Debug|x86
		{DE2943E1-2AEC-465C-B54C-285465BDEA24}.Release|x64.ActiveCfg = Release|x64
		{DE2943E1-2AEC-465C-B54C-285465BDEA24}.Release|x64.Build.0 = Release|x64
		{DE2943E1-2AEC-465C-B54C-285465BDEA24}.Release|x86.ActiveCfg = Release|x86
		{DE2943E1-2AEC-465C-B54C-285465BDEA24}.Release|x86.Build.0 = Release|x86
		{0AEBECDC-3119-4AE9-AB30-A87ED9BBAD13}.Debug|x64.ActiveCfg = Debug_GPU|x64
		{0AEBECDC-3119-4AE9-AB30-A87ED9BBAD13}.Debug|x64.Build.0 = Debug_GPU|x64
		{0AEBECDC-3119-4AE9-AB30-A87ED9BBAD13}.Debug|x86.ActiveCfg = Debug|Win32
		{0AEBECDC-3119-4AE9-AB30-A87ED9BBAD13}.Debug|x86.Build.0 = Debug|Win32
		{0AEBECDC-3119-4AE9-AB30-A87ED9BBAD13}.Release|x64.ActiveCfg = Release_GPU|x64
		{0AEBECDC-3119-4AE9-AB30-A87ED9BBAD13}.Release|x64.Build.0 = Release_GPU|x64
		{0AEBECDC-3119-4AE9-AB30-A87ED9BBAD13}.Release|x86.ActiveCfg = Release|Win32
		{0AEBECDC-3119-4AE9-AB30-A87ED9BBAD13}.Release|x86.Build.0 = Release|Win32
		{A1CE3B49-C5E2-4A6F-AAD5-3F46474EAA5D}.Debug|x64.ActiveCfg = Debug|x64
		{A1CE3B49-C5E2-4A6F-AAD5-3F46474EAA5D}.Debug|x64.Build.0 = Debug|x64
		{A1CE3B49-C5E2-4A6F-AAD5-3F46474EAA5D}.Debug|x86.ActiveCfg = Debug|Win32
		{A1CE3B49-C5E2-4A6F-AAD5-3F46474EAA5D}.Debug|x86.Build.0 = Debug|Win32
		{A1CE3B49-C5E2-4A6F-AAD5-3F46474EAA5D}.Release|x64.ActiveCfg = Release|x64
		{A1CE3B49-C5E2-4A6F-AAD5-3F46474EAA5D}.Release|x64.Build.0 = Release|x64
		{A1CE3B49-C5E2-4A6F-AAD5-3F46474EAA5D}.Release|x86.ActiveCfg = Release|Win32
		{A1CE3B49-C5E2-4A6F-AAD5-3F46474EAA5D}.Release|x86.Build.0 = Release|Win32
	EndGlobalSection
	GlobalSection(SolutionProperties) = preSolution
		HideSolutionNode = FALSE
	EndGlobalSection
EndGlobal
